
Microsoft Visual Studio Solution File, Format Version 12.00
# Visual Studio Version 16
VisualStudioVersion = 16.0.31424.327
MinimumVisualStudioVersion = 10.0.40219.1
Project("{FAE04EC0-301F-11D3-BF4B-00C04F79EFBC}") = "DtoVsAnonymousVsJson_API", "DtoVsAnonymousVsJson_API\DtoVsAnonymousVsJson_API.csproj", "{B168C635-642B-44A2-B5C9-EF5D9D0D06DA}"
EndProject
Global
	GlobalSection(SolutionConfigurationPlatforms) = preSolution
		Debug|Any CPU = Debug|Any CPU
		Release|Any CPU = Release|Any CPU
	EndGlobalSection
	GlobalSection(ProjectConfigurationPlatforms) = postSolution
		{B168C635-642B-44A2-B5C9-EF5D9D0D06DA}.Debug|Any CPU.ActiveCfg = Debug|Any CPU
		{B168C635-642B-44A2-B5C9-EF5D9D0D06DA}.Debug|Any CPU.Build.0 = Debug|Any CPU
		{B168C635-642B-44A2-B5C9-EF5D9D0D06DA}.Release|Any CPU.ActiveCfg = Release|Any CPU
		{B168C635-642B-44A2-B5C9-EF5D9D0D06DA}.Release|Any CPU.Build.0 = Release|Any CPU
	EndGlobalSection
	GlobalSection(SolutionProperties) = preSolution
		HideSolutionNode = FALSE
	EndGlobalSection
	GlobalSection(ExtensibilityGlobals) = postSolution
		SolutionGuid = {F77D89F6-9BC0-4AFB-9505-19EFD277F6D2}
	EndGlobalSection
EndGlobal
